# This file is automatically @generated by Cargo.
# It is not intended for manual editing.
version = 4

[[package]]
name = "crosstransfer"
version = "0.1.0"
dependencies = [
 "dir_zipper",
 "user_info",
]

[[package]]
name = "dir_zipper"
version = "0.1.0"

[[package]]
name = "user_info"
version = "0.1.0"
